PODS:
  - CocoaLumberjack (2.2.0):
    - CocoaLumberjack/Default (= 2.2.0)
    - CocoaLumberjack/Extensions (= 2.2.0)
  - CocoaLumberjack/Core (2.2.0)
  - CocoaLumberjack/Default (2.2.0):
    - CocoaLumberjack/Core
  - CocoaLumberjack/Extensions (2.2.0):
    - CocoaLumberjack/Default
  - PulseWave (0.4.0):
    - CocoaLumberjack
    - RedparkSerialFramework
  - RedparkSerialFramework (1.1.0)

DEPENDENCIES:
  - PulseWave (from `../`)
  - RedparkSerialFramework

EXTERNAL SOURCES:
  PulseWave:
    :path: "../"

SPEC CHECKSUMS:
  CocoaLumberjack: 17fe8581f84914d5d7e6360f7c70022b173c3ae0
  PulseWave: 3d0aec2f9717715c85e2d62c615184e7ce6b9bf7
  RedparkSerialFramework: b3de48252bbea0adc01865dad539831d793de236

COCOAPODS: 0.39.0
